
Microsoft Visual Studio Solution File, Format Version 12.00
# Visual Studio Version 17
VisualStudioVersion = 17.5.002.0
MinimumVisualStudioVersion = 10.0.40219.1
Project("{9A19103F-16F7-4668-BE54-9A1E7A4F7556}") = "myApi", "myApi.csproj", "{F793C866-5E61-461C-AAC8-4347570B1F96}"
EndProject
Global
	GlobalSection(SolutionConfigurationPlatforms) = preSolution
		Debug|Any CPU = Debug|Any CPU
		Release|Any CPU = Release|Any CPU
	EndGlobalSection
	GlobalSection(ProjectConfigurationPlatforms) = postSolution
		{F793C866-5E61-461C-AAC8-4347570B1F96}.Debug|Any CPU.ActiveCfg = Debug|Any CPU
		{F793C866-5E61-461C-AAC8-4347570B1F96}.Debug|Any CPU.Build.0 = Debug|Any CPU
		{F793C866-5E61-461C-AAC8-4347570B1F96}.Release|Any CPU.ActiveCfg = Release|Any CPU
		{F793C866-5E61-461C-AAC8-4347570B1F96}.Release|Any CPU.Build.0 = Release|Any CPU
	EndGlobalSection
	GlobalSection(SolutionProperties) = preSolution
		HideSolutionNode = FALSE
	EndGlobalSection
	GlobalSection(ExtensibilityGlobals) = postSolution
		SolutionGuid = {89333B1C-122C-483B-9CB3-5CD106BE6157}
	EndGlobalSection
EndGlobal
